
Microsoft Visual Studio Solution File, Format Version 12.00
# Visual Studio Version 16
VisualStudioVersion = 16.0.29424.173
MinimumVisualStudioVersion = 10.0.40219.1
Project("{FAE04EC0-301F-11D3-BF4B-00C04F79EFBC}") = "CS_GUI_DEMO", "CS_GUI_DEMO.csproj", "{958934C2-C91F-4CF0-9FF6-A0C2E134494A}"
EndProject
Global
	GlobalSection(SolutionConfigurationPlatforms) = preSolution
		Debug|Any CPU = Debug|Any CPU
		Release|Any CPU = Release|Any CPU
	EndGlobalSection
	GlobalSection(ProjectConfigurationPlatforms) = postSolution
		{958934C2-C91F-4CF0-9FF6-A0C2E134494A}.Debug|Any CPU.ActiveCfg = Debug|Any CPU
		{958934C2-C91F-4CF0-9FF6-A0C2E134494A}.Debug|Any CPU.Build.0 = Debug|Any CPU
		{958934C2-C91F-4CF0-9FF6-A0C2E134494A}.Release|Any CPU.ActiveCfg = Release|Any CPU
		{958934C2-C91F-4CF0-9FF6-A0C2E134494A}.Release|Any CPU.Build.0 = Release|Any CPU
	EndGlobalSection
	GlobalSection(SolutionProperties) = preSolution
		HideSolutionNode = FALSE
	EndGlobalSection
	GlobalSection(ExtensibilityGlobals) = postSolution
		SolutionGuid = {B673ED7E-1E91-46ED-B9FD-A7657EE21AAE}
	EndGlobalSection
EndGlobal
